
Microsoft Visual Studio Solution File, Format Version 12.00
# Visual Studio Version 17
VisualStudioVersion = 17.13.35825.156 d17.13
MinimumVisualStudioVersion = 10.0.40219.1
Project("{FAE04EC0-301F-11D3-BF4B-00C04F79EFBC}") = "PropExample", "PropExample.csproj", "{66D73013-281B-45B6-979A-255BD0540B6D}"
EndProject
Global
	GlobalSection(SolutionConfigurationPlatforms) = preSolution
		Debug|Any CPU = Debug|Any CPU
		Release|Any CPU = Release|Any CPU
	EndGlobalSection
	GlobalSection(ProjectConfigurationPlatforms) = postSolution
		{66D73013-281B-45B6-979A-255BD0540B6D}.Debug|Any CPU.ActiveCfg = Debug|Any CPU
		{66D73013-281B-45B6-979A-255BD0540B6D}.Debug|Any CPU.Build.0 = Debug|Any CPU
		{66D73013-281B-45B6-979A-255BD0540B6D}.Release|Any CPU.ActiveCfg = Release|Any CPU
		{66D73013-281B-45B6-979A-255BD0540B6D}.Release|Any CPU.Build.0 = Release|Any CPU
	EndGlobalSection
	GlobalSection(SolutionProperties) = preSolution
		HideSolutionNode = FALSE
	EndGlobalSection
	GlobalSection(ExtensibilityGlobals) = postSolution
		SolutionGuid = {0537651A-779A-41E1-AA2F-3857D4F1D1A3}
	EndGlobalSection
EndGlobal
